
Microsoft Visual Studio Solution File, Format Version 12.00
# Visual Studio 15
VisualStudioVersion = 15.0.26430.15
MinimumVisualStudioVersion = 10.0.40219.1
Project("{FAE04EC0-301F-11D3-BF4B-00C04F79EFBC}") = "NeXt.Daud", "NeXt.Daud\NeXt.Daud.csproj", "{41025795-8F7F-4235-8F03-2AF740A313B6}"
EndProject
Project("{FAE04EC0-301F-11D3-BF4B-00C04F79EFBC}") = "NeXt.Vdf", "NeXt.Vdf\NeXt.Vdf.csproj", "{E4EDA8B8-006C-4D41-822F-F64B6DB0021F}"
EndProject
Project("{2150E333-8FDC-42A3-9474-1A3956D46DE8}") = "Solution Items", "Solution Items", "{653FD519-B258-4C80-9823-DBADE5D8AD7B}"
	ProjectSection(SolutionItems) = preProject
		LICENSE = LICENSE
		README.md = README.md
	EndProjectSection
EndProject
Global
	GlobalSection(SolutionConfigurationPlatforms) = preSolution
		Debug|Any CPU = Debug|Any CPU
		Release|Any CPU = Release|Any CPU
	EndGlobalSection
	GlobalSection(ProjectConfigurationPlatforms) = postSolution
		{41025795-8F7F-4235-8F03-2AF740A313B6}.Debug|Any CPU.ActiveCfg = Debug|Any CPU
		{41025795-8F7F-4235-8F03-2AF740A313B6}.Debug|Any CPU.Build.0 = Debug|Any CPU
		{41025795-8F7F-4235-8F03-2AF740A313B6}.Release|Any CPU.ActiveCfg = Release|Any CPU
		{41025795-8F7F-4235-8F03-2AF740A313B6}.Release|Any CPU.Build.0 = Release|Any CPU
		{E4EDA8B8-006C-4D41-822F-F64B6DB0021F}.Debug|Any CPU.ActiveCfg = Debug|Any CPU
		{E4EDA8B8-006C-4D41-822F-F64B6DB0021F}.Debug|Any CPU.Build.0 = Debug|Any CPU
		{E4EDA8B8-006C-4D41-822F-F64B6DB0021F}.Release|Any CPU.ActiveCfg = Release|Any CPU
		{E4EDA8B8-006C-4D41-822F-F64B6DB0021F}.Release|Any CPU.Build.0 = Release|Any CPU
	EndGlobalSection
	GlobalSection(SolutionProperties) = preSolution
		HideSolutionNode = FALSE
	EndGlobalSection
EndGlobal
